
Microsoft Visual Studio Solution File, Format Version 12.00
# Visual Studio Version 16
VisualStudioVersion = 16.0.30804.86
MinimumVisualStudioVersion = 10.0.40219.1
Project("{FAE04EC0-301F-11D3-BF4B-00C04F79EFBC}") = "PruebaGitHub", "PruebaGitHub\PruebaGitHub.csproj", "{A513E172-093F-47EF-B6CA-3557DA140D0E}"
EndProject
Global
	GlobalSection(SolutionConfigurationPlatforms) = preSolution
		Debug|Any CPU = Debug|Any CPU
		Release|Any CPU = Release|Any CPU
	EndGlobalSection
	GlobalSection(ProjectConfigurationPlatforms) = postSolution
		{A513E172-093F-47EF-B6CA-3557DA140D0E}.Debug|Any CPU.ActiveCfg = Debug|Any CPU
		{A513E172-093F-47EF-B6CA-3557DA140D0E}.Debug|Any CPU.Build.0 = Debug|Any CPU
		{A513E172-093F-47EF-B6CA-3557DA140D0E}.Release|Any CPU.ActiveCfg = Release|Any CPU
		{A513E172-093F-47EF-B6CA-3557DA140D0E}.Release|Any CPU.Build.0 = Release|Any CPU
	EndGlobalSection
	GlobalSection(SolutionProperties) = preSolution
		HideSolutionNode = FALSE
	EndGlobalSection
	GlobalSection(ExtensibilityGlobals) = postSolution
		SolutionGuid = {D726F55B-C69F-4F45-BE2C-A7DF5910BD7A}
	EndGlobalSection
EndGlobal
